
Microsoft Visual Studio Solution File, Format Version 12.00
# Visual Studio Version 17
VisualStudioVersion = 17.8.34316.72
MinimumVisualStudioVersion = 10.0.40219.1
Project("{2150E333-8FDC-42A3-9474-1A3956D46DE8}") = "Services", "Services", "{A0D44BFD-432D-4EC8-9BC6-40CD8954466D}"
EndProject
Project("{2150E333-8FDC-42A3-9474-1A3956D46DE8}") = "Catalog", "Catalog", "{BF5CD794-61C9-42DA-BE0C-05CB5BAC25E7}"
EndProject
Project("{9A19103F-16F7-4668-BE54-9A1E7A4F7556}") = "Catalog.API", "Services\Catalog\Catalog.API\Catalog.API.csproj", "{BBC97CAA-3B41-4E7E-ACF3-A1ECBEB46061}"
EndProject
Project("{2150E333-8FDC-42A3-9474-1A3956D46DE8}") = "BuildingBlocks", "BuildingBlocks", "{6E6D92CB-56B1-409C-AB3E-8A159733F951}"
EndProject
Project("{9A19103F-16F7-4668-BE54-9A1E7A4F7556}") = "BuildingBlocks", "BuildingBlocks\BuildingBlocks\BuildingBlocks.csproj", "{48611113-855E-403F-AAF3-63D42121717E}"
EndProject
Project("{E53339B2-1760-4266-BCC7-CA923CBCF16C}") = "docker-compose", "docker-compose.dcproj", "{AB5D26DF-494B-4E9A-9653-F25C4A57E668}"
EndProject
Project("{2150E333-8FDC-42A3-9474-1A3956D46DE8}") = "Basket", "Basket", "{475FBA54-0C64-40E1-91CB-9283D27D194A}"
EndProject
Project("{9A19103F-16F7-4668-BE54-9A1E7A4F7556}") = "Basket.API", "Services\Basket\Basket.API\Basket.API.csproj", "{8D5787E3-8658-41B2-AE14-CD3CBB4776F8}"
EndProject
Project("{2150E333-8FDC-42A3-9474-1A3956D46DE8}") = "Discount", "Discount", "{F7B84CD8-983A-4742-B1CD-43CAA159A886}"
EndProject
Project("{FAE04EC0-301F-11D3-BF4B-00C04F79EFBC}") = "Discount.Grpc", "Services\Discount\Discount.Grpc\Discount.Grpc.csproj", "{6BFB622F-DDAE-480A-B91C-155A5E328E91}"
EndProject
Global
	GlobalSection(SolutionConfigurationPlatforms) = preSolution
		Debug|Any CPU = Debug|Any CPU
		Release|Any CPU = Release|Any CPU
	EndGlobalSection
	GlobalSection(ProjectConfigurationPlatforms) = postSolution
		{BBC97CAA-3B41-4E7E-ACF3-A1ECBEB46061}.Debug|Any CPU.ActiveCfg = Debug|Any CPU
		{BBC97CAA-3B41-4E7E-ACF3-A1ECBEB46061}.Debug|Any CPU.Build.0 = Debug|Any CPU
		{BBC97CAA-3B41-4E7E-ACF3-A1ECBEB46061}.Release|Any CPU.ActiveCfg = Release|Any CPU
		{BBC97CAA-3B41-4E7E-ACF3-A1ECBEB46061}.Release|Any CPU.Build.0 = Release|Any CPU
		{48611113-855E-403F-AAF3-63D42121717E}.Debug|Any CPU.ActiveCfg = Debug|Any CPU
		{48611113-855E-403F-AAF3-63D42121717E}.Debug|Any CPU.Build.0 = Debug|Any CPU
		{48611113-855E-403F-AAF3-63D42121717E}.Release|Any CPU.ActiveCfg = Release|Any CPU
		{48611113-855E-403F-AAF3-63D42121717E}.Release|Any CPU.Build.0 = Release|Any CPU
		{AB5D26DF-494B-4E9A-9653-F25C4A57E668}.Debug|Any CPU.ActiveCfg = Debug|Any CPU
		{AB5D26DF-494B-4E9A-9653-F25C4A57E668}.Debug|Any CPU.Build.0 = Debug|Any CPU
		{AB5D26DF-494B-4E9A-9653-F25C4A57E668}.Release|Any CPU.ActiveCfg = Release|Any CPU
		{AB5D26DF-494B-4E9A-9653-F25C4A57E668}.Release|Any CPU.Build.0 = Release|Any CPU
		{8D5787E3-8658-41B2-AE14-CD3CBB4776F8}.Debug|Any CPU.ActiveCfg = Debug|Any CPU
		{8D5787E3-8658-41B2-AE14-CD3CBB4776F8}.Debug|Any CPU.Build.0 = Debug|Any CPU
		{8D5787E3-8658-41B2-AE14-CD3CBB4776F8}.Release|Any CPU.ActiveCfg = Release|Any CPU
		{8D5787E3-8658-41B2-AE14-CD3CBB4776F8}.Release|Any CPU.Build.0 = Release|Any CPU
		{6BFB622F-DDAE-480A-B91C-155A5E328E91}.Debug|Any CPU.ActiveCfg = Debug|Any CPU
		{6BFB622F-DDAE-480A-B91C-155A5E328E91}.Debug|Any CPU.Build.0 = Debug|Any CPU
		{6BFB622F-DDAE-480A-B91C-155A5E328E91}.Release|Any CPU.ActiveCfg = Release|Any CPU
		{6BFB622F-DDAE-480A-B91C-155A5E328E91}.Release|Any CPU.Build.0 = Release|Any CPU
	EndGlobalSection
	GlobalSection(SolutionProperties) = preSolution
		HideSolutionNode = FALSE
	EndGlobalSection
	GlobalSection(NestedProjects) = preSolution
		{BF5CD794-61C9-42DA-BE0C-05CB5BAC25E7} = {A0D44BFD-432D-4EC8-9BC6-40CD8954466D}
		{BBC97CAA-3B41-4E7E-ACF3-A1ECBEB46061} = {BF5CD794-61C9-42DA-BE0C-05CB5BAC25E7}
		{48611113-855E-403F-AAF3-63D42121717E} = {6E6D92CB-56B1-409C-AB3E-8A159733F951}
		{475FBA54-0C64-40E1-91CB-9283D27D194A} = {A0D44BFD-432D-4EC8-9BC6-40CD8954466D}
		{8D5787E3-8658-41B2-AE14-CD3CBB4776F8} = {475FBA54-0C64-40E1-91CB-9283D27D194A}
		{F7B84CD8-983A-4742-B1CD-43CAA159A886} = {A0D44BFD-432D-4EC8-9BC6-40CD8954466D}
		{6BFB622F-DDAE-480A-B91C-155A5E328E91} = {F7B84CD8-983A-4742-B1CD-43CAA159A886}
	EndGlobalSection
	GlobalSection(ExtensibilityGlobals) = postSolution
		SolutionGuid = {3D27C038-BB45-4884-953F-8AF7CE3626D2}
	EndGlobalSection
EndGlobal
