
Microsoft Visual Studio Solution File, Format Version 12.00
# Visual Studio Version 17
VisualStudioVersion = 17.8.34316.72
MinimumVisualStudioVersion = 10.0.40219.1
Project("{2150E333-8FDC-42A3-9474-1A3956D46DE8}") = "Services", "Services", "{A0D44BFD-432D-4EC8-9BC6-40CD8954466D}"
EndProject
Project("{2150E333-8FDC-42A3-9474-1A3956D46DE8}") = "Catalog", "Catalog", "{BF5CD794-61C9-42DA-BE0C-05CB5BAC25E7}"
EndProject
Project("{9A19103F-16F7-4668-BE54-9A1E7A4F7556}") = "Catalog.API", "Services\Catalog\Catalog.API\Catalog.API.csproj", "{BBC97CAA-3B41-4E7E-ACF3-A1ECBEB46061}"
EndProject
Project("{2150E333-8FDC-42A3-9474-1A3956D46DE8}") = "BuildingBlocks", "BuildingBlocks", "{6E6D92CB-56B1-409C-AB3E-8A159733F951}"
EndProject
Project("{9A19103F-16F7-4668-BE54-9A1E7A4F7556}") = "BuildingBlocks", "BuildingBlocks\BuildingBlocks\BuildingBlocks.csproj", "{48611113-855E-403F-AAF3-63D42121717E}"
EndProject
Project("{E53339B2-1760-4266-BCC7-CA923CBCF16C}") = "docker-compose", "docker-compose.dcproj", "{AB5D26DF-494B-4E9A-9653-F25C4A57E668}"
EndProject
Project("{2150E333-8FDC-42A3-9474-1A3956D46DE8}") = "Basket", "Basket", "{475FBA54-0C64-40E1-91CB-9283D27D194A}"
EndProject
Project("{9A19103F-16F7-4668-BE54-9A1E7A4F7556}") = "Basket.API", "Services\Basket\Basket.API\Basket.API.csproj", "{8D5787E3-8658-41B2-AE14-CD3CBB4776F8}"
EndProject
Project("{2150E333-8FDC-42A3-9474-1A3956D46DE8}") = "Discount", "Discount", "{F7B84CD8-983A-4742-B1CD-43CAA159A886}"
EndProject
Project("{9A19103F-16F7-4668-BE54-9A1E7A4F7556}") = "Discount.Grpc", "Services\Discount\Discount.Grpc\Discount.Grpc.csproj", "{6BFB622F-DDAE-480A-B91C-155A5E328E91}"
EndProject
Project("{2150E333-8FDC-42A3-9474-1A3956D46DE8}") = "Ordering", "Ordering", "{26F139F2-BB3A-4DA1-A536-8D8B51BF702E}"
EndProject
Project("{FAE04EC0-301F-11D3-BF4B-00C04F79EFBC}") = "Ordering.API", "Services\Ordering\Ordering.API\Ordering.API.csproj", "{67C30870-50F3-4D02-9746-A31C771D6C16}"
EndProject
Project("{FAE04EC0-301F-11D3-BF4B-00C04F79EFBC}") = "Ordering.Domain", "Services\Ordering\Ordering.Domain\Ordering.Domain.csproj", "{2BCCE3CF-1A91-4359-AC10-5204C27B9B2C}"
EndProject
Project("{FAE04EC0-301F-11D3-BF4B-00C04F79EFBC}") = "Ordering.Infrastructure", "Services\Ordering\Ordering.Infrastructure\Ordering.Infrastructure.csproj", "{F217C51C-E78D-4264-AC98-96E712DF58DF}"
EndProject
Project("{FAE04EC0-301F-11D3-BF4B-00C04F79EFBC}") = "Ordering.Application", "Services\Ordering\Ordering.Application\Ordering.Application.csproj", "{3C757083-E468-4C76-BEDD-6D2E007880C9}"
EndProject
Global
	GlobalSection(SolutionConfigurationPlatforms) = preSolution
		Debug|Any CPU = Debug|Any CPU
		Release|Any CPU = Release|Any CPU
	EndGlobalSection
	GlobalSection(ProjectConfigurationPlatforms) = postSolution
		{BBC97CAA-3B41-4E7E-ACF3-A1ECBEB46061}.Debug|Any CPU.ActiveCfg = Debug|Any CPU
		{BBC97CAA-3B41-4E7E-ACF3-A1ECBEB46061}.Debug|Any CPU.Build.0 = Debug|Any CPU
		{BBC97CAA-3B41-4E7E-ACF3-A1ECBEB46061}.Release|Any CPU.ActiveCfg = Release|Any CPU
		{BBC97CAA-3B41-4E7E-ACF3-A1ECBEB46061}.Release|Any CPU.Build.0 = Release|Any CPU
		{48611113-855E-403F-AAF3-63D42121717E}.Debug|Any CPU.ActiveCfg = Debug|Any CPU
		{48611113-855E-403F-AAF3-63D42121717E}.Debug|Any CPU.Build.0 = Debug|Any CPU
		{48611113-855E-403F-AAF3-63D42121717E}.Release|Any CPU.ActiveCfg = Release|Any CPU
		{48611113-855E-403F-AAF3-63D42121717E}.Release|Any CPU.Build.0 = Release|Any CPU
		{AB5D26DF-494B-4E9A-9653-F25C4A57E668}.Debug|Any CPU.ActiveCfg = Debug|Any CPU
		{AB5D26DF-494B-4E9A-9653-F25C4A57E668}.Debug|Any CPU.Build.0 = Debug|Any CPU
		{AB5D26DF-494B-4E9A-9653-F25C4A57E668}.Release|Any CPU.ActiveCfg = Release|Any CPU
		{AB5D26DF-494B-4E9A-9653-F25C4A57E668}.Release|Any CPU.Build.0 = Release|Any CPU
		{8D5787E3-8658-41B2-AE14-CD3CBB4776F8}.Debug|Any CPU.ActiveCfg = Debug|Any CPU
		{8D5787E3-8658-41B2-AE14-CD3CBB4776F8}.Debug|Any CPU.Build.0 = Debug|Any CPU
		{8D5787E3-8658-41B2-AE14-CD3CBB4776F8}.Release|Any CPU.ActiveCfg = Release|Any CPU
		{8D5787E3-8658-41B2-AE14-CD3CBB4776F8}.Release|Any CPU.Build.0 = Release|Any CPU
		{6BFB622F-DDAE-480A-B91C-155A5E328E91}.Debug|Any CPU.ActiveCfg = Debug|Any CPU
		{6BFB622F-DDAE-480A-B91C-155A5E328E91}.Debug|Any CPU.Build.0 = Debug|Any CPU
		{6BFB622F-DDAE-480A-B91C-155A5E328E91}.Release|Any CPU.ActiveCfg = Release|Any CPU
		{6BFB622F-DDAE-480A-B91C-155A5E328E91}.Release|Any CPU.Build.0 = Release|Any CPU
		{67C30870-50F3-4D02-9746-A31C771D6C16}.Debug|Any CPU.ActiveCfg = Debug|Any CPU
		{67C30870-50F3-4D02-9746-A31C771D6C16}.Debug|Any CPU.Build.0 = Debug|Any CPU
		{67C30870-50F3-4D02-9746-A31C771D6C16}.Release|Any CPU.ActiveCfg = Release|Any CPU
		{67C30870-50F3-4D02-9746-A31C771D6C16}.Release|Any CPU.Build.0 = Release|Any CPU
		{2BCCE3CF-1A91-4359-AC10-5204C27B9B2C}.Debug|Any CPU.ActiveCfg = Debug|Any CPU
		{2BCCE3CF-1A91-4359-AC10-5204C27B9B2C}.Debug|Any CPU.Build.0 = Debug|Any CPU
		{2BCCE3CF-1A91-4359-AC10-5204C27B9B2C}.Release|Any CPU.ActiveCfg = Release|Any CPU
		{2BCCE3CF-1A91-4359-AC10-5204C27B9B2C}.Release|Any CPU.Build.0 = Release|Any CPU
		{F217C51C-E78D-4264-AC98-96E712DF58DF}.Debug|Any CPU.ActiveCfg = Debug|Any CPU
		{F217C51C-E78D-4264-AC98-96E712DF58DF}.Debug|Any CPU.Build.0 = Debug|Any CPU
		{F217C51C-E78D-4264-AC98-96E712DF58DF}.Release|Any CPU.ActiveCfg = Release|Any CPU
		{F217C51C-E78D-4264-AC98-96E712DF58DF}.Release|Any CPU.Build.0 = Release|Any CPU
		{3C757083-E468-4C76-BEDD-6D2E007880C9}.Debug|Any CPU.ActiveCfg = Debug|Any CPU
		{3C757083-E468-4C76-BEDD-6D2E007880C9}.Debug|Any CPU.Build.0 = Debug|Any CPU
		{3C757083-E468-4C76-BEDD-6D2E007880C9}.Release|Any CPU.ActiveCfg = Release|Any CPU
		{3C757083-E468-4C76-BEDD-6D2E007880C9}.Release|Any CPU.Build.0 = Release|Any CPU
	EndGlobalSection
	GlobalSection(SolutionProperties) = preSolution
		HideSolutionNode = FALSE
	EndGlobalSection
	GlobalSection(NestedProjects) = preSolution
		{BF5CD794-61C9-42DA-BE0C-05CB5BAC25E7} = {A0D44BFD-432D-4EC8-9BC6-40CD8954466D}
		{BBC97CAA-3B41-4E7E-ACF3-A1ECBEB46061} = {BF5CD794-61C9-42DA-BE0C-05CB5BAC25E7}
		{48611113-855E-403F-AAF3-63D42121717E} = {6E6D92CB-56B1-409C-AB3E-8A159733F951}
		{475FBA54-0C64-40E1-91CB-9283D27D194A} = {A0D44BFD-432D-4EC8-9BC6-40CD8954466D}
		{8D5787E3-8658-41B2-AE14-CD3CBB4776F8} = {475FBA54-0C64-40E1-91CB-9283D27D194A}
		{F7B84CD8-983A-4742-B1CD-43CAA159A886} = {A0D44BFD-432D-4EC8-9BC6-40CD8954466D}
		{6BFB622F-DDAE-480A-B91C-155A5E328E91} = {F7B84CD8-983A-4742-B1CD-43CAA159A886}
		{26F139F2-BB3A-4DA1-A536-8D8B51BF702E} = {A0D44BFD-432D-4EC8-9BC6-40CD8954466D}
		{67C30870-50F3-4D02-9746-A31C771D6C16} = {26F139F2-BB3A-4DA1-A536-8D8B51BF702E}
		{2BCCE3CF-1A91-4359-AC10-5204C27B9B2C} = {26F139F2-BB3A-4DA1-A536-8D8B51BF702E}
		{F217C51C-E78D-4264-AC98-96E712DF58DF} = {26F139F2-BB3A-4DA1-A536-8D8B51BF702E}
		{3C757083-E468-4C76-BEDD-6D2E007880C9} = {26F139F2-BB3A-4DA1-A536-8D8B51BF702E}
	EndGlobalSection
	GlobalSection(ExtensibilityGlobals) = postSolution
		SolutionGuid = {3D27C038-BB45-4884-953F-8AF7CE3626D2}
	EndGlobalSection
EndGlobal
